
Microsoft Visual Studio Solution File, Format Version 12.00
# Visual Studio Version 16
VisualStudioVersion = 16.0.30523.141
MinimumVisualStudioVersion = 10.0.40219.1
Project("{FAE04EC0-301F-11D3-BF4B-00C04F79EFBC}") = "Hues Adventure", "Hues Adventure\Hues Adventure.csproj", "{1E5489FB-8A18-418B-B94B-7DF8DE674855}"
EndProject
Global
	GlobalSection(SolutionConfigurationPlatforms) = preSolution
		Debug|Any CPU = Debug|Any CPU
		Release|Any CPU = Release|Any CPU
	EndGlobalSection
	GlobalSection(ProjectConfigurationPlatforms) = postSolution
		{1E5489FB-8A18-418B-B94B-7DF8DE674855}.Debug|Any CPU.ActiveCfg = Debug|Any CPU
		{1E5489FB-8A18-418B-B94B-7DF8DE674855}.Debug|Any CPU.Build.0 = Debug|Any CPU
		{1E5489FB-8A18-418B-B94B-7DF8DE674855}.Release|Any CPU.ActiveCfg = Release|Any CPU
		{1E5489FB-8A18-418B-B94B-7DF8DE674855}.Release|Any CPU.Build.0 = Release|Any CPU
	EndGlobalSection
	GlobalSection(SolutionProperties) = preSolution
		HideSolutionNode = FALSE
	EndGlobalSection
	GlobalSection(ExtensibilityGlobals) = postSolution
		SolutionGuid = {DA98846E-1FC8-47C6-B259-D07E0FBCD096}
	EndGlobalSection
EndGlobal
